
Microsoft Visual Studio Solution File, Format Version 12.00
# Visual Studio Version 16
VisualStudioVersion = 16.0.31729.503
MinimumVisualStudioVersion = 10.0.40219.1
Project("{9A19103F-16F7-4668-BE54-9A1E7A4F7556}") = "WordGame.Core", "WordGame.Core\WordGame.Core.csproj", "{9FB43DE8-BEA9-4B6C-BBB6-80FC5509D6EF}"
EndProject
Project("{9A19103F-16F7-4668-BE54-9A1E7A4F7556}") = "WordGame.Application", "WordGame.Application\WordGame.Application.csproj", "{5191A44D-84ED-471A-8721-C06A7C7B84A6}"
EndProject
Project("{9A19103F-16F7-4668-BE54-9A1E7A4F7556}") = "WordGame.Infrastructure", "WordGame.Infrastructure\WordGame.Infrastructure.csproj", "{6EFE14D6-9CE9-47BD-A97C-D6E174A72765}"
EndProject
Project("{9A19103F-16F7-4668-BE54-9A1E7A4F7556}") = "WordGame.WEB", "WordGame.WEB\WordGame.WEB.csproj", "{9FD49C07-495B-4ECB-A3C0-C59DA1596836}"
EndProject
Project("{FAE04EC0-301F-11D3-BF4B-00C04F79EFBC}") = "WordGame.Test", "WordGame.Test\WordGame.Test.csproj", "{007A017E-F4FB-4279-A6D1-FDBBB8C260A8}"
EndProject
Global
	GlobalSection(SolutionConfigurationPlatforms) = preSolution
		Debug|Any CPU = Debug|Any CPU
		Release|Any CPU = Release|Any CPU
	EndGlobalSection
	GlobalSection(ProjectConfigurationPlatforms) = postSolution
		{9FB43DE8-BEA9-4B6C-BBB6-80FC5509D6EF}.Debug|Any CPU.ActiveCfg = Debug|Any CPU
		{9FB43DE8-BEA9-4B6C-BBB6-80FC5509D6EF}.Debug|Any CPU.Build.0 = Debug|Any CPU
		{9FB43DE8-BEA9-4B6C-BBB6-80FC5509D6EF}.Release|Any CPU.ActiveCfg = Release|Any CPU
		{9FB43DE8-BEA9-4B6C-BBB6-80FC5509D6EF}.Release|Any CPU.Build.0 = Release|Any CPU
		{5191A44D-84ED-471A-8721-C06A7C7B84A6}.Debug|Any CPU.ActiveCfg = Debug|Any CPU
		{5191A44D-84ED-471A-8721-C06A7C7B84A6}.Debug|Any CPU.Build.0 = Debug|Any CPU
		{5191A44D-84ED-471A-8721-C06A7C7B84A6}.Release|Any CPU.ActiveCfg = Release|Any CPU
		{5191A44D-84ED-471A-8721-C06A7C7B84A6}.Release|Any CPU.Build.0 = Release|Any CPU
		{6EFE14D6-9CE9-47BD-A97C-D6E174A72765}.Debug|Any CPU.ActiveCfg = Debug|Any CPU
		{6EFE14D6-9CE9-47BD-A97C-D6E174A72765}.Debug|Any CPU.Build.0 = Debug|Any CPU
		{6EFE14D6-9CE9-47BD-A97C-D6E174A72765}.Release|Any CPU.ActiveCfg = Release|Any CPU
		{6EFE14D6-9CE9-47BD-A97C-D6E174A72765}.Release|Any CPU.Build.0 = Release|Any CPU
		{9FD49C07-495B-4ECB-A3C0-C59DA1596836}.Debug|Any CPU.ActiveCfg = Debug|Any CPU
		{9FD49C07-495B-4ECB-A3C0-C59DA1596836}.Debug|Any CPU.Build.0 = Debug|Any CPU
		{9FD49C07-495B-4ECB-A3C0-C59DA1596836}.Release|Any CPU.ActiveCfg = Release|Any CPU
		{9FD49C07-495B-4ECB-A3C0-C59DA1596836}.Release|Any CPU.Build.0 = Release|Any CPU
		{007A017E-F4FB-4279-A6D1-FDBBB8C260A8}.Debug|Any CPU.ActiveCfg = Debug|Any CPU
		{007A017E-F4FB-4279-A6D1-FDBBB8C260A8}.Debug|Any CPU.Build.0 = Debug|Any CPU
		{007A017E-F4FB-4279-A6D1-FDBBB8C260A8}.Release|Any CPU.ActiveCfg = Release|Any CPU
		{007A017E-F4FB-4279-A6D1-FDBBB8C260A8}.Release|Any CPU.Build.0 = Release|Any CPU
	EndGlobalSection
	GlobalSection(SolutionProperties) = preSolution
		HideSolutionNode = FALSE
	EndGlobalSection
	GlobalSection(ExtensibilityGlobals) = postSolution
		SolutionGuid = {083705EE-98E7-4BA3-92B9-340E5D6B2459}
	EndGlobalSection
EndGlobal
